
Microsoft Visual Studio Solution File, Format Version 12.00
# Visual Studio Version 16
VisualStudioVersion = 16.0.31410.357
MinimumVisualStudioVersion = 10.0.40219.1
Project("{8BC9CEB8-8B4A-11D0-8D11-00A0C91BC942}") = "Test", "Test.vcxproj", "{BD4DE035-2938-45FF-B83B-7B4B53A3ED41}"
EndProject
Global
	GlobalSection(SolutionConfigurationPlatforms) = preSolution
		Debug|x64 = Debug|x64
		Debug|x86 = Debug|x86
		Release|x64 = Release|x64
		Release|x86 = Release|x86
	EndGlobalSection
	GlobalSection(ProjectConfigurationPlatforms) = postSolution
		{BD4DE035-2938-45FF-B83B-7B4B53A3ED41}.Debug|x64.ActiveCfg = Debug|x64
		{BD4DE035-2938-45FF-B83B-7B4B53A3ED41}.Debug|x64.Build.0 = Debug|x64
		{BD4DE035-2938-45FF-B83B-7B4B53A3ED41}.Debug|x86.ActiveCfg = Debug|Win32
		{BD4DE035-2938-45FF-B83B-7B4B53A3ED41}.Debug|x86.Build.0 = Debug|Win32
		{BD4DE035-2938-45FF-B83B-7B4B53A3ED41}.Release|x64.ActiveCfg = Release|x64
		{BD4DE035-2938-45FF-B83B-7B4B53A3ED41}.Release|x64.Build.0 = Release|x64
		{BD4DE035-2938-45FF-B83B-7B4B53A3ED41}.Release|x86.ActiveCfg = Release|Win32
		{BD4DE035-2938-45FF-B83B-7B4B53A3ED41}.Release|x86.Build.0 = Release|Win32
	EndGlobalSection
	GlobalSection(SolutionProperties) = preSolution
		HideSolutionNode = FALSE
	EndGlobalSection
	GlobalSection(ExtensibilityGlobals) = postSolution
		SolutionGuid = {24DD2CA1-5389-4C1D-BE74-336BB00A3A79}
	EndGlobalSection
EndGlobal
